
Microsoft Visual Studio Solution File, Format Version 12.00
# Visual Studio Version 17
VisualStudioVersion = 17.14.36401.2 d17.14
MinimumVisualStudioVersion = 10.0.40219.1
Project("{FAE04EC0-301F-11D3-BF4B-00C04F79EFBC}") = "BookingRoomsAPI", "BookingRoomsAPI\BookingRoomsAPI.csproj", "{481FBE6C-4A90-473B-9B94-D1600B73BFBB}"
EndProject
Project("{FAE04EC0-301F-11D3-BF4B-00C04F79EFBC}") = "BookingRoomsAPI.Domain", "BookingRoomsAPI.Domain\BookingRoomsAPI.Domain.csproj", "{730E3070-05CA-4D65-ADCE-31CBD665781D}"
EndProject
Project("{FAE04EC0-301F-11D3-BF4B-00C04F79EFBC}") = "BookingRoomsAPI.DataAccess.PostgreSQL", "BookingRoomsAPI.DataAccess.PostgreSQL\BookingRoomsAPI.DataAccess.PostgreSQL.csproj", "{4AE11EBD-DFD7-4FE0-93E5-C4682789840D}"
EndProject
Global
	GlobalSection(SolutionConfigurationPlatforms) = preSolution
		Debug|Any CPU = Debug|Any CPU
		Release|Any CPU = Release|Any CPU
	EndGlobalSection
	GlobalSection(ProjectConfigurationPlatforms) = postSolution
		{481FBE6C-4A90-473B-9B94-D1600B73BFBB}.Debug|Any CPU.ActiveCfg = Debug|Any CPU
		{481FBE6C-4A90-473B-9B94-D1600B73BFBB}.Debug|Any CPU.Build.0 = Debug|Any CPU
		{481FBE6C-4A90-473B-9B94-D1600B73BFBB}.Release|Any CPU.ActiveCfg = Release|Any CPU
		{481FBE6C-4A90-473B-9B94-D1600B73BFBB}.Release|Any CPU.Build.0 = Release|Any CPU
		{730E3070-05CA-4D65-ADCE-31CBD665781D}.Debug|Any CPU.ActiveCfg = Debug|Any CPU
		{730E3070-05CA-4D65-ADCE-31CBD665781D}.Debug|Any CPU.Build.0 = Debug|Any CPU
		{730E3070-05CA-4D65-ADCE-31CBD665781D}.Release|Any CPU.ActiveCfg = Release|Any CPU
		{730E3070-05CA-4D65-ADCE-31CBD665781D}.Release|Any CPU.Build.0 = Release|Any CPU
		{4AE11EBD-DFD7-4FE0-93E5-C4682789840D}.Debug|Any CPU.ActiveCfg = Debug|Any CPU
		{4AE11EBD-DFD7-4FE0-93E5-C4682789840D}.Debug|Any CPU.Build.0 = Debug|Any CPU
		{4AE11EBD-DFD7-4FE0-93E5-C4682789840D}.Release|Any CPU.ActiveCfg = Release|Any CPU
		{4AE11EBD-DFD7-4FE0-93E5-C4682789840D}.Release|Any CPU.Build.0 = Release|Any CPU
	EndGlobalSection
	GlobalSection(SolutionProperties) = preSolution
		HideSolutionNode = FALSE
	EndGlobalSection
	GlobalSection(ExtensibilityGlobals) = postSolution
		SolutionGuid = {4B61688E-5758-4337-9472-77BAA9CA1FFE}
	EndGlobalSection
EndGlobal
